<?xml version="1.0" encoding="utf-8"?>
<Project ToolsVersion="4.0" xmlns="http://schemas.microsoft.com/developer/msbuild/2003">
  <ItemGroup>
    <Filter Include="Resource Files">
      <UniqueIdentifier>{67DA6AB6-F800-4c08-8B7A-83BB121AAD01}</UniqueIdentifier>
      <Extensions>rc;ico;cur;bmp;dlg;rc2;rct;bin;rgs;gif;jpg;jpeg;jpe;resx;tiff;tif;png;wav;mfcribbon-ms</Extensions>
    </Filter>
    <Filter Include="Source">
      <UniqueIdentifier>{5807611b-9673-4f75-b96f-b6f3b924d817}</UniqueIdentifier>
    </Filter>
    <Filter Include="Source\Header">
      <UniqueIdentifier>{93995380-89BD-4b04-88EB-625FBE52EBFB}</UniqueIdentifier>
      <Extensions>h;hh;hpp;hxx;h++;hm;inl;inc;ipp;xsd</Extensions>
    </Filter>
    <Filter Include="Source\Source">
      <UniqueIdentifier>{97977a97-8d34-481c-bf22-22c1a2176972}</UniqueIdentifier>
    </Filter>
    <Filter Include="Shaders">
      <UniqueIdentifier>{1a9d417e-121b-402a-af25-e6c8d09c33cc}</UniqueIdentifier>
    </Filter>
  </ItemGroup>
  <ItemGroup>
    <ClCompile Include="source\private\glad.c">
      <Filter>Source\Source</Filter>
    </ClCompile>
    <ClCompile Include="source\private\main.cpp">
      <Filter>Source\Source</Filter>
    </ClCompile>
    <ClCompile Include="source\private\Window.cpp">
      <Filter>Source\Source</Filter>
    </ClCompile>
    <ClCompile Include="source\private\Shader.cpp">
      <Filter>Source\Source</Filter>
    </ClCompile>
    <ClCompile Include="source\private\Figure.cpp">
      <Filter>Source\Source</Filter>
    </ClCompile>
  </ItemGroup>
  <ItemGroup>
    <None Include="Shaders\VertexShader.glsl">
      <Filter>Shaders</Filter>
    </None>
    <None Include="Shaders\FragmentShader.glsl">
      <Filter>Shaders</Filter>
    </None>
    <None Include="Shaders\FragmentShader2.glsl">
      <Filter>Shaders</Filter>
    </None>
    <None Include="Shaders\VertexShaderA.glsl">
      <Filter>Shaders</Filter>
    </None>
    <None Include="Shaders\FragmentShaderA.glsl">
      <Filter>Shaders</Filter>
    </None>
    <None Include="Shaders\FragmentShaderUniform.glsl">
      <Filter>Shaders</Filter>
    </None>
  </ItemGroup>
  <ItemGroup>
    <ClInclude Include="source\header\Window.h">
      <Filter>Source\Header</Filter>
    </ClInclude>
    <ClInclude Include="source\header\Shader.h">
      <Filter>Source\Header</Filter>
    </ClInclude>
    <ClInclude Include="source\header\Figure.h">
      <Filter>Source\Header</Filter>
    </ClInclude>
  </ItemGroup>
</Project>